
Microsoft Visual Studio Solution File, Format Version 12.00
# Visual Studio Version 17
VisualStudioVersion = 17.14.36310.24 d17.14
MinimumVisualStudioVersion = 10.0.40219.1
Project("{FAE04EC0-301F-11D3-BF4B-00C04F79EFBC}") = "DatabaseHealthChecker", "DatabaseHealthChecker\DatabaseHealthChecker.csproj", "{3A541168-6D9D-4EC1-8F9D-5A5E3859DA90}"
EndProject
Global
	GlobalSection(SolutionConfigurationPlatforms) = preSolution
		Debug|Any CPU = Debug|Any CPU
		Release|Any CPU = Release|Any CPU
	EndGlobalSection
	GlobalSection(ProjectConfigurationPlatforms) = postSolution
		{3A541168-6D9D-4EC1-8F9D-5A5E3859DA90}.Debug|Any CPU.ActiveCfg = Debug|Any CPU
		{3A541168-6D9D-4EC1-8F9D-5A5E3859DA90}.Debug|Any CPU.Build.0 = Debug|Any CPU
		{3A541168-6D9D-4EC1-8F9D-5A5E3859DA90}.Release|Any CPU.ActiveCfg = Release|Any CPU
		{3A541168-6D9D-4EC1-8F9D-5A5E3859DA90}.Release|Any CPU.Build.0 = Release|Any CPU
	EndGlobalSection
	GlobalSection(SolutionProperties) = preSolution
		HideSolutionNode = FALSE
	EndGlobalSection
	GlobalSection(ExtensibilityGlobals) = postSolution
		SolutionGuid = {36A92039-7A06-4AC6-B62A-734220D3B766}
	EndGlobalSection
EndGlobal
